// !$*UTF8*$!
{
	archiveVersion = 1;
	classes = {
	};
	objectVersion = 51;
	objects = {

/* Begin PBXBuildFile section */
		7198C4FDB702EBFF76368306 /* Pods_tomorrow.framework in Frameworks */ = {isa = PBXBuildFile; fileRef = 270426510742B9BF4E230206 /* Pods_tomorrow.framework */; };
		FB36744E2495313A003D2F1E /* AppDelegate.swift in Sources */ = {isa = PBXBuildFile; fileRef = FB36744D2495313A003D2F1E /* AppDelegate.swift */; };
		FB3674522495313A003D2F1E /* ViewController.swift in Sources */ = {isa = PBXBuildFile; fileRef = FB3674512495313A003D2F1E /* ViewController.swift */; };
		FB3674572495313B003D2F1E /* Assets.xcassets in Resources */ = {isa = PBXBuildFile; fileRef = FB3674562495313B003D2F1E /* Assets.xcassets */; };
		FB36745A2495313B003D2F1E /* LaunchScreen.storyboard in Resources */ = {isa = PBXBuildFile; fileRef = FB3674582495313B003D2F1E /* LaunchScreen.storyboard */; };
		FB36746324961AD1003D2F1E /* OnboardingScreen.storyboard in Resources */ = {isa = PBXBuildFile; fileRef = FB36746224961AD1003D2F1E /* OnboardingScreen.storyboard */; };
		FB36746524961AE4003D2F1E /* OnboardingViewController.swift in Sources */ = {isa = PBXBuildFile; fileRef = FB36746424961AE4003D2F1E /* OnboardingViewController.swift */; };
		FB36746824961B22003D2F1E /* UIViewController+Background.swift in Sources */ = {isa = PBXBuildFile; fileRef = FB36746724961B22003D2F1E /* UIViewController+Background.swift */; };
		FB36746E2497A4AD003D2F1E /* WelcomeViewController.swift in Sources */ = {isa = PBXBuildFile; fileRef = FB36746D2497A4AD003D2F1E /* WelcomeViewController.swift */; };
		FB3674702497A4B6003D2F1E /* WelcomeScreen.storyboard in Resources */ = {isa = PBXBuildFile; fileRef = FB36746F2497A4B6003D2F1E /* WelcomeScreen.storyboard */; };
		FB3674732497AFF7003D2F1E /* SignupViewController.swift in Sources */ = {isa = PBXBuildFile; fileRef = FB3674722497AFF7003D2F1E /* SignupViewController.swift */; };
		FB3674752497AFFF003D2F1E /* SignupScreen.storyboard in Resources */ = {isa = PBXBuildFile; fileRef = FB3674742497AFFF003D2F1E /* SignupScreen.storyboard */; };
		FB3674772497BE70003D2F1E /* UITextField.swift in Sources */ = {isa = PBXBuildFile; fileRef = FB3674762497BE70003D2F1E /* UITextField.swift */; };
		FB36747A24992446003D2F1E /* HomeViewController.swift in Sources */ = {isa = PBXBuildFile; fileRef = FB36747924992446003D2F1E /* HomeViewController.swift */; };
		FB36747C24992455003D2F1E /* HomeScreen.storyboard in Resources */ = {isa = PBXBuildFile; fileRef = FB36747B24992455003D2F1E /* HomeScreen.storyboard */; };
		FB367480249A5537003D2F1E /* GoogleService-Info.plist in Resources */ = {isa = PBXBuildFile; fileRef = FB36747F249A5537003D2F1E /* GoogleService-Info.plist */; };
		FB367482249A66B2003D2F1E /* KeychainItem.swift in Sources */ = {isa = PBXBuildFile; fileRef = FB367481249A666A003D2F1E /* KeychainItem.swift */; };
		FB367484249AA245003D2F1E /* PublicVar.swift in Sources */ = {isa = PBXBuildFile; fileRef = FB367483249AA245003D2F1E /* PublicVar.swift */; };
		FBA5756D24A7342F00D59A47 /* PageViewController.swift in Sources */ = {isa = PBXBuildFile; fileRef = FBA5756C24A7342F00D59A47 /* PageViewController.swift */; };
		FBA5756F24A7344B00D59A47 /* PageScreen.storyboard in Resources */ = {isa = PBXBuildFile; fileRef = FBA5756E24A7344B00D59A47 /* PageScreen.storyboard */; };
		FBA5757224A7349000D59A47 /* SettingsScreen.storyboard in Resources */ = {isa = PBXBuildFile; fileRef = FBA5757124A7349000D59A47 /* SettingsScreen.storyboard */; };
		FBA5757424A7349E00D59A47 /* SettingsViewController.swift in Sources */ = {isa = PBXBuildFile; fileRef = FBA5757324A7349E00D59A47 /* SettingsViewController.swift */; };
/* End PBXBuildFile section */

/* Begin PBXFileReference section */
		035E02E42098671B790B6929 /* Pods-tomorrow.debug.xcconfig */ = {isa = PBXFileReference; includeInIndex = 1; lastKnownFileType = text.xcconfig; name = "Pods-tomorrow.debug.xcconfig"; path = "Target Support Files/Pods-tomorrow/Pods-tomorrow.debug.xcconfig"; sourceTree = "<group>"; };
		270426510742B9BF4E230206 /* Pods_tomorrow.framework */ = {isa = PBXFileReference; explicitFileType = wrapper.framework; includeInIndex = 0; path = Pods_tomorrow.framework; sourceTree = BUILT_PRODUCTS_DIR; };
		E6B50E03F8DCD23BB3830237 /* Pods-tomorrow.release.xcconfig */ = {isa = PBXFileReference; includeInIndex = 1; lastKnownFileType = text.xcconfig; name = "Pods-tomorrow.release.xcconfig"; path = "Target Support Files/Pods-tomorrow/Pods-tomorrow.release.xcconfig"; sourceTree = "<group>"; };
		FB36744A2495313A003D2F1E /* tomorrow.app */ = {isa = PBXFileReference; explicitFileType = wrapper.application; includeInIndex = 0; path = tomorrow.app; sourceTree = BUILT_PRODUCTS_DIR; };
		FB36744D2495313A003D2F1E /* AppDelegate.swift */ = {isa = PBXFileReference; lastKnownFileType = sourcecode.swift; path = AppDelegate.swift; sourceTree = "<group>"; };
		FB3674512495313A003D2F1E /* ViewController.swift */ = {isa = PBXFileReference; lastKnownFileType = sourcecode.swift; path = ViewController.swift; sourceTree = "<group>"; };
		FB3674562495313B003D2F1E /* Assets.xcassets */ = {isa = PBXFileReference; lastKnownFileType = folder.assetcatalog; path = Assets.xcassets; sourceTree = "<group>"; };
		FB3674592495313B003D2F1E /* Base */ = {isa = PBXFileReference; lastKnownFileType = file.storyboard; name = Base; path = Base.lproj/LaunchScreen.storyboard; sourceTree = "<group>"; };
		FB36745B2495313C003D2F1E /* Info.plist */ = {isa = PBXFileReference; lastKnownFileType = text.plist.xml; path = Info.plist; sourceTree = "<group>"; };
		FB36746224961AD1003D2F1E /* OnboardingScreen.storyboard */ = {isa = PBXFileReference; lastKnownFileType = file.storyboard; path = OnboardingScreen.storyboard; sourceTree = "<group>"; };
		FB36746424961AE4003D2F1E /* OnboardingViewController.swift */ = {isa = PBXFileReference; lastKnownFileType = sourcecode.swift; path = OnboardingViewController.swift; sourceTree = "<group>"; };
		FB36746724961B22003D2F1E /* UIViewController+Background.swift */ = {isa = PBXFileReference; lastKnownFileType = sourcecode.swift; path = "UIViewController+Background.swift"; sourceTree = "<group>"; };
		FB36746D2497A4AD003D2F1E /* WelcomeViewController.swift */ = {isa = PBXFileReference; lastKnownFileType = sourcecode.swift; path = WelcomeViewController.swift; sourceTree = "<group>"; };
		FB36746F2497A4B6003D2F1E /* WelcomeScreen.storyboard */ = {isa = PBXFileReference; lastKnownFileType = file.storyboard; path = WelcomeScreen.storyboard; sourceTree = "<group>"; };
		FB3674722497AFF7003D2F1E /* SignupViewController.swift */ = {isa = PBXFileReference; lastKnownFileType = sourcecode.swift; path = SignupViewController.swift; sourceTree = "<group>"; };
		FB3674742497AFFF003D2F1E /* SignupScreen.storyboard */ = {isa = PBXFileReference; lastKnownFileType = file.storyboard; path = SignupScreen.storyboard; sourceTree = "<group>"; };
		FB3674762497BE70003D2F1E /* UITextField.swift */ = {isa = PBXFileReference; lastKnownFileType = sourcecode.swift; path = UITextField.swift; sourceTree = "<group>"; };
		FB36747924992446003D2F1E /* HomeViewController.swift */ = {isa = PBXFileReference; lastKnownFileType = sourcecode.swift; path = HomeViewController.swift; sourceTree = "<group>"; };
		FB36747B24992455003D2F1E /* HomeScreen.storyboard */ = {isa = PBXFileReference; lastKnownFileType = file.storyboard; path = HomeScreen.storyboard; sourceTree = "<group>"; };
		FB36747D24992A9A003D2F1E /* tomorrow.entitlements */ = {isa = PBXFileReference; lastKnownFileType = text.plist.entitlements; path = tomorrow.entitlements; sourceTree = "<group>"; };
		FB36747F249A5537003D2F1E /* GoogleService-Info.plist */ = {isa = PBXFileReference; fileEncoding = 4; lastKnownFileType = text.plist.xml; path = "GoogleService-Info.plist"; sourceTree = "<group>"; };
		FB367481249A666A003D2F1E /* KeychainItem.swift */ = {isa = PBXFileReference; lastKnownFileType = sourcecode.swift; path = KeychainItem.swift; sourceTree = "<group>"; };
		FB367483249AA245003D2F1E /* PublicVar.swift */ = {isa = PBXFileReference; lastKnownFileType = sourcecode.swift; path = PublicVar.swift; sourceTree = "<group>"; };
		FBA5756C24A7342F00D59A47 /* PageViewController.swift */ = {isa = PBXFileReference; lastKnownFileType = sourcecode.swift; path = PageViewController.swift; sourceTree = "<group>"; };
		FBA5756E24A7344B00D59A47 /* PageScreen.storyboard */ = {isa = PBXFileReference; lastKnownFileType = file.storyboard; path = PageScreen.storyboard; sourceTree = "<group>"; };
		FBA5757124A7349000D59A47 /* SettingsScreen.storyboard */ = {isa = PBXFileReference; lastKnownFileType = file.storyboard; path = SettingsScreen.storyboard; sourceTree = "<group>"; };
		FBA5757324A7349E00D59A47 /* SettingsViewController.swift */ = {isa = PBXFileReference; lastKnownFileType = sourcecode.swift; path = SettingsViewController.swift; sourceTree = "<group>"; };
/* End PBXFileReference section */

/* Begin PBXFrameworksBuildPhase section */
		FB3674472495313A003D2F1E /* Frameworks */ = {
			isa = PBXFrameworksBuildPhase;
			buildActionMask = 2147483647;
			files = (
				7198C4FDB702EBFF76368306 /* Pods_tomorrow.framework in Frameworks */,
			);
			runOnlyForDeploymentPostprocessing = 0;
		};
/* End PBXFrameworksBuildPhase section */

/* Begin PBXGroup section */
		4F43A9A99535D1702FD148DF /* Frameworks */ = {
			isa = PBXGroup;
			children = (
				270426510742B9BF4E230206 /* Pods_tomorrow.framework */,
			);
			name = Frameworks;
			sourceTree = "<group>";
		};
		DACFF07C69E1D83DBF07E424 /* Pods */ = {
			isa = PBXGroup;
			children = (
				035E02E42098671B790B6929 /* Pods-tomorrow.debug.xcconfig */,
				E6B50E03F8DCD23BB3830237 /* Pods-tomorrow.release.xcconfig */,
			);
			path = Pods;
			sourceTree = "<group>";
		};
		FB3674412495313A003D2F1E = {
			isa = PBXGroup;
			children = (
				FB36744C2495313A003D2F1E /* tomorrow */,
				FB36744B2495313A003D2F1E /* Products */,
				DACFF07C69E1D83DBF07E424 /* Pods */,
				4F43A9A99535D1702FD148DF /* Frameworks */,
			);
			sourceTree = "<group>";
		};
		FB36744B2495313A003D2F1E /* Products */ = {
			isa = PBXGroup;
			children = (
				FB36744A2495313A003D2F1E /* tomorrow.app */,
			);
			name = Products;
			sourceTree = "<group>";
		};
		FB36744C2495313A003D2F1E /* tomorrow */ = {
			isa = PBXGroup;
			children = (
				FBA5757024A7347800D59A47 /* Settings */,
				FB36747824992438003D2F1E /* Home */,
				FB3674712497AFE9003D2F1E /* Signup */,
				FB3674612496186A003D2F1E /* Onboarding */,
				FB36746C2497A48A003D2F1E /* Welcome */,
				FB36746924979CC0003D2F1E /* Common */,
				FB36746624961B0B003D2F1E /* Extensions */,
				FB36744D2495313A003D2F1E /* AppDelegate.swift */,
				FB3674512495313A003D2F1E /* ViewController.swift */,
				FB3674562495313B003D2F1E /* Assets.xcassets */,
				FB3674582495313B003D2F1E /* LaunchScreen.storyboard */,
				FB36745B2495313C003D2F1E /* Info.plist */,
				FB36747F249A5537003D2F1E /* GoogleService-Info.plist */,
				FB36747D24992A9A003D2F1E /* tomorrow.entitlements */,
			);
			path = tomorrow;
			sourceTree = "<group>";
		};
		FB3674612496186A003D2F1E /* Onboarding */ = {
			isa = PBXGroup;
			children = (
				FB36746224961AD1003D2F1E /* OnboardingScreen.storyboard */,
				FB36746424961AE4003D2F1E /* OnboardingViewController.swift */,
			);
			path = Onboarding;
			sourceTree = "<group>";
		};
		FB36746624961B0B003D2F1E /* Extensions */ = {
			isa = PBXGroup;
			children = (
				FB36746724961B22003D2F1E /* UIViewController+Background.swift */,
				FB3674762497BE70003D2F1E /* UITextField.swift */,
			);
			path = Extensions;
			sourceTree = "<group>";
		};
		FB36746924979CC0003D2F1E /* Common */ = {
			isa = PBXGroup;
			children = (
				FB367481249A666A003D2F1E /* KeychainItem.swift */,
				FB367483249AA245003D2F1E /* PublicVar.swift */,
				FBA5756C24A7342F00D59A47 /* PageViewController.swift */,
				FBA5756E24A7344B00D59A47 /* PageScreen.storyboard */,
			);
			path = Common;
			sourceTree = "<group>";
		};
		FB36746C2497A48A003D2F1E /* Welcome */ = {
			isa = PBXGroup;
			children = (
				FB36746D2497A4AD003D2F1E /* WelcomeViewController.swift */,
				FB36746F2497A4B6003D2F1E /* WelcomeScreen.storyboard */,
			);
			path = Welcome;
			sourceTree = "<group>";
		};
		FB3674712497AFE9003D2F1E /* Signup */ = {
			isa = PBXGroup;
			children = (
				FB3674722497AFF7003D2F1E /* SignupViewController.swift */,
				FB3674742497AFFF003D2F1E /* SignupScreen.storyboard */,
			);
			path = Signup;
			sourceTree = "<group>";
		};
		FB36747824992438003D2F1E /* Home */ = {
			isa = PBXGroup;
			children = (
				FB36747924992446003D2F1E /* HomeViewController.swift */,
				FB36747B24992455003D2F1E /* HomeScreen.storyboard */,
			);
			path = Home;
			sourceTree = "<group>";
		};
		FBA5757024A7347800D59A47 /* Settings */ = {
			isa = PBXGroup;
			children = (
				FBA5757124A7349000D59A47 /* SettingsScreen.storyboard */,
				FBA5757324A7349E00D59A47 /* SettingsViewController.swift */,
			);
			path = Settings;
			sourceTree = "<group>";
		};
/* End PBXGroup section */

/* Begin PBXNativeTarget section */
		FB3674492495313A003D2F1E /* tomorrow */ = {
			isa = PBXNativeTarget;
			buildConfigurationList = FB36745E2495313C003D2F1E /* Build configuration list for PBXNativeTarget "tomorrow" */;
			buildPhases = (
				DFEFC4301501FB0D0704869F /* [CP] Check Pods Manifest.lock */,
				FB3674462495313A003D2F1E /* Sources */,
				FB3674472495313A003D2F1E /* Frameworks */,
				FB3674482495313A003D2F1E /* Resources */,
				8AC3BC913C5820EC9B3EC126 /* [CP] Embed Pods Frameworks */,
				7203A1D49BE5E83698D2489E /* [CP] Copy Pods Resources */,
			);
			buildRules = (
			);
			dependencies = (
			);
			name = tomorrow;
			productName = tomorrow;
			productReference = FB36744A2495313A003D2F1E /* tomorrow.app */;
			productType = "com.apple.product-type.application";
		};
/* End PBXNativeTarget section */

/* Begin PBXProject section */
		FB3674422495313A003D2F1E /* Project object */ = {
			isa = PBXProject;
			attributes = {
				LastSwiftUpdateCheck = 1150;
				LastUpgradeCheck = 1150;
				ORGANIZATIONNAME = trillion.unicorn;
				TargetAttributes = {
					FB3674492495313A003D2F1E = {
						CreatedOnToolsVersion = 11.5;
					};
				};
			};
			buildConfigurationList = FB3674452495313A003D2F1E /* Build configuration list for PBXProject "tomorrow" */;
			compatibilityVersion = "Xcode 9.3";
			developmentRegion = en;
			hasScannedForEncodings = 0;
			knownRegions = (
				en,
				Base,
			);
			mainGroup = FB3674412495313A003D2F1E;
			productRefGroup = FB36744B2495313A003D2F1E /* Products */;
			projectDirPath = "";
			projectRoot = "";
			targets = (
				FB3674492495313A003D2F1E /* tomorrow */,
			);
		};
/* End PBXProject section */

/* Begin PBXResourcesBuildPhase section */
		FB3674482495313A003D2F1E /* Resources */ = {
			isa = PBXResourcesBuildPhase;
			buildActionMask = 2147483647;
			files = (
				FB36745A2495313B003D2F1E /* LaunchScreen.storyboard in Resources */,
				FBA5757224A7349000D59A47 /* SettingsScreen.storyboard in Resources */,
				FBA5756F24A7344B00D59A47 /* PageScreen.storyboard in Resources */,
				FB36746324961AD1003D2F1E /* OnboardingScreen.storyboard in Resources */,
				FB3674752497AFFF003D2F1E /* SignupScreen.storyboard in Resources */,
				FB36747C24992455003D2F1E /* HomeScreen.storyboard in Resources */,
				FB3674702497A4B6003D2F1E /* WelcomeScreen.storyboard in Resources */,
				FB3674572495313B003D2F1E /* Assets.xcassets in Resources */,
				FB367480249A5537003D2F1E /* GoogleService-Info.plist in Resources */,
			);
			runOnlyForDeploymentPostprocessing = 0;
		};
/* End PBXResourcesBuildPhase section */

/* Begin PBXShellScriptBuildPhase section */
		7203A1D49BE5E83698D2489E /* [CP] Copy Pods Resources */ = {
			isa = PBXShellScriptBuildPhase;
			buildActionMask = 2147483647;
			files = (
			);
			inputFileListPaths = (
				"${PODS_ROOT}/Target Support Files/Pods-tomorrow/Pods-tomorrow-resources-${CONFIGURATION}-input-files.xcfilelist",
			);
			name = "[CP] Copy Pods Resources";
			outputFileListPaths = (
				"${PODS_ROOT}/Target Support Files/Pods-tomorrow/Pods-tomorrow-resources-${CONFIGURATION}-output-files.xcfilelist",
			);
			runOnlyForDeploymentPostprocessing = 0;
			shellPath = /bin/sh;
			shellScript = "\"${PODS_ROOT}/Target Support Files/Pods-tomorrow/Pods-tomorrow-resources.sh\"\n";
			showEnvVarsInLog = 0;
		};
		8AC3BC913C5820EC9B3EC126 /* [CP] Embed Pods Frameworks */ = {
			isa = PBXShellScriptBuildPhase;
			buildActionMask = 2147483647;
			files = (
			);
			inputFileListPaths = (
				"${PODS_ROOT}/Target Support Files/Pods-tomorrow/Pods-tomorrow-frameworks-${CONFIGURATION}-input-files.xcfilelist",
			);
			name = "[CP] Embed Pods Frameworks";
			outputFileListPaths = (
				"${PODS_ROOT}/Target Support Files/Pods-tomorrow/Pods-tomorrow-frameworks-${CONFIGURATION}-output-files.xcfilelist",
			);
			runOnlyForDeploymentPostprocessing = 0;
			shellPath = /bin/sh;
			shellScript = "\"${PODS_ROOT}/Target Support Files/Pods-tomorrow/Pods-tomorrow-frameworks.sh\"\n";
			showEnvVarsInLog = 0;
		};
		DFEFC4301501FB0D0704869F /* [CP] Check Pods Manifest.lock */ = {
			isa = PBXShellScriptBuildPhase;
			buildActionMask = 2147483647;
			files = (
			);
			inputFileListPaths = (
			);
			inputPaths = (
				"${PODS_PODFILE_DIR_PATH}/Podfile.lock",
				"${PODS_ROOT}/Manifest.lock",
			);
			name = "[CP] Check Pods Manifest.lock";
			outputFileListPaths = (
			);
			outputPaths = (
				"$(DERIVED_FILE_DIR)/Pods-tomorrow-checkManifestLockResult.txt",
			);
			runOnlyForDeploymentPostprocessing = 0;
			shellPath = /bin/sh;
			shellScript = "diff \"${PODS_PODFILE_DIR_PATH}/Podfile.lock\" \"${PODS_ROOT}/Manifest.lock\" > /dev/null\nif [ $? != 0 ] ; then\n    # print error to STDERR\n    echo \"error: The sandbox is not in sync with the Podfile.lock. Run 'pod install' or update your CocoaPods installation.\" >&2\n    exit 1\nfi\n# This output is used by Xcode 'outputs' to avoid re-running this script phase.\necho \"SUCCESS\" > \"${SCRIPT_OUTPUT_FILE_0}\"\n";
			showEnvVarsInLog = 0;
		};
/* End PBXShellScriptBuildPhase section */

/* Begin PBXSourcesBuildPhase section */
		FB3674462495313A003D2F1E /* Sources */ = {
			isa = PBXSourcesBuildPhase;
			buildActionMask = 2147483647;
			files = (
				FB3674522495313A003D2F1E /* ViewController.swift in Sources */,
				FB3674732497AFF7003D2F1E /* SignupViewController.swift in Sources */,
				FBA5756D24A7342F00D59A47 /* PageViewController.swift in Sources */,
				FB367482249A66B2003D2F1E /* KeychainItem.swift in Sources */,
				FB36744E2495313A003D2F1E /* AppDelegate.swift in Sources */,
				FB3674772497BE70003D2F1E /* UITextField.swift in Sources */,
				FB36746824961B22003D2F1E /* UIViewController+Background.swift in Sources */,
				FB36747A24992446003D2F1E /* HomeViewController.swift in Sources */,
				FB36746E2497A4AD003D2F1E /* WelcomeViewController.swift in Sources */,
				FB36746524961AE4003D2F1E /* OnboardingViewController.swift in Sources */,
				FB367484249AA245003D2F1E /* PublicVar.swift in Sources */,
				FBA5757424A7349E00D59A47 /* SettingsViewController.swift in Sources */,
			);
			runOnlyForDeploymentPostprocessing = 0;
		};
/* End PBXSourcesBuildPhase section */

/* Begin PBXVariantGroup section */
		FB3674582495313B003D2F1E /* LaunchScreen.storyboard */ = {
			isa = PBXVariantGroup;
			children = (
				FB3674592495313B003D2F1E /* Base */,
			);
			name = LaunchScreen.storyboard;
			sourceTree = "<group>";
		};
/* End PBXVariantGroup section */

/* Begin XCBuildConfiguration section */
		FB36745C2495313C003D2F1E /* Debug */ = {
			isa = XCBuildConfiguration;
			buildSettings = {
				ALWAYS_SEARCH_USER_PATHS = NO;
				CLANG_ANALYZER_NONNULL = YES;
				CLANG_ANALYZER_NUMBER_OBJECT_CONVERSION = YES_AGGRESSIVE;
				CLANG_CXX_LANGUAGE_STANDARD = "gnu++14";
				CLANG_CXX_LIBRARY = "libc++";
				CLANG_ENABLE_MODULES = YES;
				CLANG_ENABLE_OBJC_ARC = YES;
				CLANG_ENABLE_OBJC_WEAK = YES;
				CLANG_WARN_BLOCK_CAPTURE_AUTORELEASING = YES;
				CLANG_WARN_BOOL_CONVERSION = YES;
				CLANG_WARN_COMMA = YES;
				CLANG_WARN_CONSTANT_CONVERSION = YES;
				CLANG_WARN_DEPRECATED_OBJC_IMPLEMENTATIONS = YES;
				CLANG_WARN_DIRECT_OBJC_ISA_USAGE = YES_ERROR;
				CLANG_WARN_DOCUMENTATION_COMMENTS = YES;
				CLANG_WARN_EMPTY_BODY = YES;
				CLANG_WARN_ENUM_CONVERSION = YES;
				CLANG_WARN_INFINITE_RECURSION = YES;
				CLANG_WARN_INT_CONVERSION = YES;
				CLANG_WARN_NON_LITERAL_NULL_CONVERSION = YES;
				CLANG_WARN_OBJC_IMPLICIT_RETAIN_SELF = YES;
				CLANG_WARN_OBJC_LITERAL_CONVERSION = YES;
				CLANG_WARN_OBJC_ROOT_CLASS = YES_ERROR;
				CLANG_WARN_RANGE_LOOP_ANALYSIS = YES;
				CLANG_WARN_STRICT_PROTOTYPES = YES;
				CLANG_WARN_SUSPICIOUS_MOVE = YES;
				CLANG_WARN_UNGUARDED_AVAILABILITY = YES_AGGRESSIVE;
				CLANG_WARN_UNREACHABLE_CODE = YES;
				CLANG_WARN__DUPLICATE_METHOD_MATCH = YES;
				COPY_PHASE_STRIP = NO;
				DEBUG_INFORMATION_FORMAT = dwarf;
				ENABLE_STRICT_OBJC_MSGSEND = YES;
				ENABLE_TESTABILITY = YES;
				GCC_C_LANGUAGE_STANDARD = gnu11;
				GCC_DYNAMIC_NO_PIC = NO;
				GCC_NO_COMMON_BLOCKS = YES;
				GCC_OPTIMIZATION_LEVEL = 0;
				GCC_PREPROCESSOR_DEFINITIONS = (
					"DEBUG=1",
					"$(inherited)",
				);
				GCC_WARN_64_TO_32_BIT_CONVERSION = YES;
				GCC_WARN_ABOUT_RETURN_TYPE = YES_ERROR;
				GCC_WARN_UNDECLARED_SELECTOR = YES;
				GCC_WARN_UNINITIALIZED_AUTOS = YES_AGGRESSIVE;
				GCC_WARN_UNUSED_FUNCTION = YES;
				GCC_WARN_UNUSED_VARIABLE = YES;
				IPHONEOS_DEPLOYMENT_TARGET = 13.0;
				MTL_ENABLE_DEBUG_INFO = INCLUDE_SOURCE;
				MTL_FAST_MATH = YES;
				ONLY_ACTIVE_ARCH = YES;
				SDKROOT = iphoneos;
				SWIFT_ACTIVE_COMPILATION_CONDITIONS = DEBUG;
				SWIFT_OPTIMIZATION_LEVEL = "-Onone";
			};
			name = Debug;
		};
		FB36745D2495313C003D2F1E /* Release */ = {
			isa = XCBuildConfiguration;
			buildSettings = {
				ALWAYS_SEARCH_USER_PATHS = NO;
				CLANG_ANALYZER_NONNULL = YES;
				CLANG_ANALYZER_NUMBER_OBJECT_CONVERSION = YES_AGGRESSIVE;
				CLANG_CXX_LANGUAGE_STANDARD = "gnu++14";
				CLANG_CXX_LIBRARY = "libc++";
				CLANG_ENABLE_MODULES = YES;
				CLANG_ENABLE_OBJC_ARC = YES;
				CLANG_ENABLE_OBJC_WEAK = YES;
				CLANG_WARN_BLOCK_CAPTURE_AUTORELEASING = YES;
				CLANG_WARN_BOOL_CONVERSION = YES;
				CLANG_WARN_COMMA = YES;
				CLANG_WARN_CONSTANT_CONVERSION = YES;
				CLANG_WARN_DEPRECATED_OBJC_IMPLEMENTATIONS = YES;
				CLANG_WARN_DIRECT_OBJC_ISA_USAGE = YES_ERROR;
				CLANG_WARN_DOCUMENTATION_COMMENTS = YES;
				CLANG_WARN_EMPTY_BODY = YES;
				CLANG_WARN_ENUM_CONVERSION = YES;
				CLANG_WARN_INFINITE_RECURSION = YES;
				CLANG_WARN_INT_CONVERSION = YES;
				CLANG_WARN_NON_LITERAL_NULL_CONVERSION = YES;
				CLANG_WARN_OBJC_IMPLICIT_RETAIN_SELF = YES;
				CLANG_WARN_OBJC_LITERAL_CONVERSION = YES;
				CLANG_WARN_OBJC_ROOT_CLASS = YES_ERROR;
				CLANG_WARN_RANGE_LOOP_ANALYSIS = YES;
				CLANG_WARN_STRICT_PROTOTYPES = YES;
				CLANG_WARN_SUSPICIOUS_MOVE = YES;
				CLANG_WARN_UNGUARDED_AVAILABILITY = YES_AGGRESSIVE;
				CLANG_WARN_UNREACHABLE_CODE = YES;
				CLANG_WARN__DUPLICATE_METHOD_MATCH = YES;
				COPY_PHASE_STRIP = NO;
				DEBUG_INFORMATION_FORMAT = "dwarf-with-dsym";
				ENABLE_NS_ASSERTIONS = NO;
				ENABLE_STRICT_OBJC_MSGSEND = YES;
				GCC_C_LANGUAGE_STANDARD = gnu11;
				GCC_NO_COMMON_BLOCKS = YES;
				GCC_WARN_64_TO_32_BIT_CONVERSION = YES;
				GCC_WARN_ABOUT_RETURN_TYPE = YES_ERROR;
				GCC_WARN_UNDECLARED_SELECTOR = YES;
				GCC_WARN_UNINITIALIZED_AUTOS = YES_AGGRESSIVE;
				GCC_WARN_UNUSED_FUNCTION = YES;
				GCC_WARN_UNUSED_VARIABLE = YES;
				IPHONEOS_DEPLOYMENT_TARGET = 13.0;
				MTL_ENABLE_DEBUG_INFO = NO;
				MTL_FAST_MATH = YES;
				SDKROOT = iphoneos;
				SWIFT_COMPILATION_MODE = wholemodule;
				SWIFT_OPTIMIZATION_LEVEL = "-O";
				VALIDATE_PRODUCT = YES;
			};
			name = Release;
		};
		FB36745F2495313C003D2F1E /* Debug */ = {
			isa = XCBuildConfiguration;
			baseConfigurationReference = 035E02E42098671B790B6929 /* Pods-tomorrow.debug.xcconfig */;
			buildSettings = {
				ASSETCATALOG_COMPILER_APPICON_NAME = AppIcon;
				CODE_SIGN_ENTITLEMENTS = tomorrow/tomorrow.entitlements;
				CODE_SIGN_STYLE = Automatic;
				DEVELOPMENT_TEAM = M6373TXG4B;
				INFOPLIST_FILE = tomorrow/Info.plist;
				IPHONEOS_DEPLOYMENT_TARGET = 13.0;
				LD_RUNPATH_SEARCH_PATHS = (
					"$(inherited)",
					"@executable_path/Frameworks",
				);
				PRODUCT_BUNDLE_IDENTIFIER = trillion.unicorn.tomorrow;
				PRODUCT_NAME = "$(TARGET_NAME)";
				SWIFT_VERSION = 5.0;
				TARGETED_DEVICE_FAMILY = "1,2";
			};
			name = Debug;
		};
		FB3674602495313C003D2F1E /* Release */ = {
			isa = XCBuildConfiguration;
			baseConfigurationReference = E6B50E03F8DCD23BB3830237 /* Pods-tomorrow.release.xcconfig */;
			buildSettings = {
				ASSETCATALOG_COMPILER_APPICON_NAME = AppIcon;
				CODE_SIGN_ENTITLEMENTS = tomorrow/tomorrow.entitlements;
				CODE_SIGN_STYLE = Automatic;
				DEVELOPMENT_TEAM = M6373TXG4B;
				INFOPLIST_FILE = tomorrow/Info.plist;
				IPHONEOS_DEPLOYMENT_TARGET = 13.0;
				LD_RUNPATH_SEARCH_PATHS = (
					"$(inherited)",
					"@executable_path/Frameworks",
				);
				PRODUCT_BUNDLE_IDENTIFIER = trillion.unicorn.tomorrow;
				PRODUCT_NAME = "$(TARGET_NAME)";
				SWIFT_VERSION = 5.0;
				TARGETED_DEVICE_FAMILY = "1,2";
			};
			name = Release;
		};
/* End XCBuildConfiguration section */

/* Begin XCConfigurationList section */
		FB3674452495313A003D2F1E /* Build configuration list for PBXProject "tomorrow" */ = {
			isa = XCConfigurationList;
			buildConfigurations = (
				FB36745C2495313C003D2F1E /* Debug */,
				FB36745D2495313C003D2F1E /* Release */,
			);
			defaultConfigurationIsVisible = 0;
			defaultConfigurationName = Release;
		};
		FB36745E2495313C003D2F1E /* Build configuration list for PBXNativeTarget "tomorrow" */ = {
			isa = XCConfigurationList;
			buildConfigurations = (
				FB36745F2495313C003D2F1E /* Debug */,
				FB3674602495313C003D2F1E /* Release */,
			);
			defaultConfigurationIsVisible = 0;
			defaultConfigurationName = Release;
		};
/* End XCConfigurationList section */
	};
	rootObject = FB3674422495313A003D2F1E /* Project object */;
}
