// !$*UTF8*$!
{
	archiveVersion = 1;
	classes = {
	};
	objectVersion = 51;
	objects = {

/* Begin PBXBuildFile section */
		7198C4FDB702EBFF76368306 /* Pods_tomorrow.framework in Frameworks */ = {isa = PBXBuildFile; fileRef = 270426510742B9BF4E230206 /* Pods_tomorrow.framework */; };
		FB13D46A252B6EB900E8D7DF /* NSNotification+Name.swift in Sources */ = {isa = PBXBuildFile; fileRef = FB13D469252B6EB900E8D7DF /* NSNotification+Name.swift */; };
		FB13D4EF2534A98800E8D7DF /* AccountViewController.swift in Sources */ = {isa = PBXBuildFile; fileRef = FB13D4EE2534A98800E8D7DF /* AccountViewController.swift */; };
		FB13D4F32534A99200E8D7DF /* AccountScreen.storyboard in Resources */ = {isa = PBXBuildFile; fileRef = FB13D4F22534A99200E8D7DF /* AccountScreen.storyboard */; };
		FB2C01D624D560040093D16D /* EntryTableViewCell.swift in Sources */ = {isa = PBXBuildFile; fileRef = FB2C01D424D560030093D16D /* EntryTableViewCell.swift */; };
		FB2C01D724D560040093D16D /* EntryTableViewCell.xib in Resources */ = {isa = PBXBuildFile; fileRef = FB2C01D524D560040093D16D /* EntryTableViewCell.xib */; };
		FB36744E2495313A003D2F1E /* AppDelegate.swift in Sources */ = {isa = PBXBuildFile; fileRef = FB36744D2495313A003D2F1E /* AppDelegate.swift */; };
		FB3674572495313B003D2F1E /* Assets.xcassets in Resources */ = {isa = PBXBuildFile; fileRef = FB3674562495313B003D2F1E /* Assets.xcassets */; };
		FB36745A2495313B003D2F1E /* LaunchScreen.storyboard in Resources */ = {isa = PBXBuildFile; fileRef = FB3674582495313B003D2F1E /* LaunchScreen.storyboard */; };
		FB36746824961B22003D2F1E /* UIViewController+Background.swift in Sources */ = {isa = PBXBuildFile; fileRef = FB36746724961B22003D2F1E /* UIViewController+Background.swift */; };
		FB3674732497AFF7003D2F1E /* WelcomeViewController.swift in Sources */ = {isa = PBXBuildFile; fileRef = FB3674722497AFF7003D2F1E /* WelcomeViewController.swift */; };
		FB3674752497AFFF003D2F1E /* WelcomeScreen.storyboard in Resources */ = {isa = PBXBuildFile; fileRef = FB3674742497AFFF003D2F1E /* WelcomeScreen.storyboard */; };
		FB3674772497BE70003D2F1E /* UITextField.swift in Sources */ = {isa = PBXBuildFile; fileRef = FB3674762497BE70003D2F1E /* UITextField.swift */; };
		FB36747A24992446003D2F1E /* HomeViewController.swift in Sources */ = {isa = PBXBuildFile; fileRef = FB36747924992446003D2F1E /* HomeViewController.swift */; };
		FB36747C24992455003D2F1E /* HomeScreen.storyboard in Resources */ = {isa = PBXBuildFile; fileRef = FB36747B24992455003D2F1E /* HomeScreen.storyboard */; };
		FB367480249A5537003D2F1E /* GoogleService-Info.plist in Resources */ = {isa = PBXBuildFile; fileRef = FB36747F249A5537003D2F1E /* GoogleService-Info.plist */; };
		FB367482249A66B2003D2F1E /* KeychainItem.swift in Sources */ = {isa = PBXBuildFile; fileRef = FB367481249A666A003D2F1E /* KeychainItem.swift */; };
		FB367484249AA245003D2F1E /* PublicVar.swift in Sources */ = {isa = PBXBuildFile; fileRef = FB367483249AA245003D2F1E /* PublicVar.swift */; };
		FB58B553252618830043EB35 /* SKProduct+Localized.swift in Sources */ = {isa = PBXBuildFile; fileRef = FB58B552252618830043EB35 /* SKProduct+Localized.swift */; };
		FB5A135F24FAB7A900F9A3C0 /* ProfileScreen.storyboard in Resources */ = {isa = PBXBuildFile; fileRef = FB5A135E24FAB7A900F9A3C0 /* ProfileScreen.storyboard */; };
		FB5A136124FAB7E500F9A3C0 /* ProfileViewController.swift in Sources */ = {isa = PBXBuildFile; fileRef = FB5A136024FAB7E500F9A3C0 /* ProfileViewController.swift */; };
		FB5A136924FD5DDF00F9A3C0 /* SideMenuViewController.swift in Sources */ = {isa = PBXBuildFile; fileRef = FB5A136824FD5DDF00F9A3C0 /* SideMenuViewController.swift */; };
		FB5A136B24FE9F2E00F9A3C0 /* StoreKit.framework in Frameworks */ = {isa = PBXBuildFile; fileRef = FB5A136A24FE9F2E00F9A3C0 /* StoreKit.framework */; };
		FB5A136D24FEAD8A00F9A3C0 /* SideMenuScreen.storyboard in Resources */ = {isa = PBXBuildFile; fileRef = FB5A136C24FEAD8A00F9A3C0 /* SideMenuScreen.storyboard */; };
		FB5A13792503B20D00F9A3C0 /* AppDelegate+Extension.swift in Sources */ = {isa = PBXBuildFile; fileRef = FB5A13782503B20D00F9A3C0 /* AppDelegate+Extension.swift */; };
		FB68B990250B95AE00D5C034 /* CustomHeader.swift in Sources */ = {isa = PBXBuildFile; fileRef = FB68B98F250B95AE00D5C034 /* CustomHeader.swift */; };
		FB8684B524E0153500C93440 /* EntryModel.xcdatamodeld in Sources */ = {isa = PBXBuildFile; fileRef = FB8684B324E0153500C93440 /* EntryModel.xcdatamodeld */; };
		FB8684C524E0479800C93440 /* Entry+CoreDataProperties.swift in Sources */ = {isa = PBXBuildFile; fileRef = FB8684C324E0479700C93440 /* Entry+CoreDataProperties.swift */; };
		FB8684C624E0479800C93440 /* Entry+CoreDataClass.swift in Sources */ = {isa = PBXBuildFile; fileRef = FB8684C424E0479800C93440 /* Entry+CoreDataClass.swift */; };
		FBA5757224A7349000D59A47 /* SettingsScreen.storyboard in Resources */ = {isa = PBXBuildFile; fileRef = FBA5757124A7349000D59A47 /* SettingsScreen.storyboard */; };
		FBA5757424A7349E00D59A47 /* SettingsViewController.swift in Sources */ = {isa = PBXBuildFile; fileRef = FBA5757324A7349E00D59A47 /* SettingsViewController.swift */; };
		FBB12A34251F26DF001CD137 /* PremiumViewController.swift in Sources */ = {isa = PBXBuildFile; fileRef = FBB12A33251F26DF001CD137 /* PremiumViewController.swift */; };
		FBB12A37251F26EE001CD137 /* PremiumScreen.storyboard in Resources */ = {isa = PBXBuildFile; fileRef = FBB12A36251F26EE001CD137 /* PremiumScreen.storyboard */; };
		FBB12A3A251F278A001CD137 /* PremiumPageViewController.swift in Sources */ = {isa = PBXBuildFile; fileRef = FBB12A39251F278A001CD137 /* PremiumPageViewController.swift */; };
		FBB12A3D251F28A0001CD137 /* PremiumPagesScreen.storyboard in Resources */ = {isa = PBXBuildFile; fileRef = FBB12A3C251F28A0001CD137 /* PremiumPagesScreen.storyboard */; };
		FBC9D6D7251E142B009C8A7C /* CloudKit.framework in Frameworks */ = {isa = PBXBuildFile; fileRef = FBC9D6D6251E142B009C8A7C /* CloudKit.framework */; };
		FBD9B24625093A7B004DF87C /* ImmutableEntryTableViewCell.swift in Sources */ = {isa = PBXBuildFile; fileRef = FBD9B24425093A7B004DF87C /* ImmutableEntryTableViewCell.swift */; };
		FBD9B24725093A7B004DF87C /* ImmutableEntryTableViewCell.xib in Resources */ = {isa = PBXBuildFile; fileRef = FBD9B24525093A7B004DF87C /* ImmutableEntryTableViewCell.xib */; };
/* End PBXBuildFile section */

/* Begin PBXFileReference section */
		035E02E42098671B790B6929 /* Pods-tomorrow.debug.xcconfig */ = {isa = PBXFileReference; includeInIndex = 1; lastKnownFileType = text.xcconfig; name = "Pods-tomorrow.debug.xcconfig"; path = "Target Support Files/Pods-tomorrow/Pods-tomorrow.debug.xcconfig"; sourceTree = "<group>"; };
		270426510742B9BF4E230206 /* Pods_tomorrow.framework */ = {isa = PBXFileReference; explicitFileType = wrapper.framework; includeInIndex = 0; path = Pods_tomorrow.framework; sourceTree = BUILT_PRODUCTS_DIR; };
		E6B50E03F8DCD23BB3830237 /* Pods-tomorrow.release.xcconfig */ = {isa = PBXFileReference; includeInIndex = 1; lastKnownFileType = text.xcconfig; name = "Pods-tomorrow.release.xcconfig"; path = "Target Support Files/Pods-tomorrow/Pods-tomorrow.release.xcconfig"; sourceTree = "<group>"; };
		FB13D469252B6EB900E8D7DF /* NSNotification+Name.swift */ = {isa = PBXFileReference; lastKnownFileType = sourcecode.swift; path = "NSNotification+Name.swift"; sourceTree = "<group>"; };
		FB13D4EE2534A98800E8D7DF /* AccountViewController.swift */ = {isa = PBXFileReference; lastKnownFileType = sourcecode.swift; path = AccountViewController.swift; sourceTree = "<group>"; };
		FB13D4F22534A99200E8D7DF /* AccountScreen.storyboard */ = {isa = PBXFileReference; lastKnownFileType = file.storyboard; path = AccountScreen.storyboard; sourceTree = "<group>"; };
		FB2C01D424D560030093D16D /* EntryTableViewCell.swift */ = {isa = PBXFileReference; fileEncoding = 4; lastKnownFileType = sourcecode.swift; path = EntryTableViewCell.swift; sourceTree = "<group>"; };
		FB2C01D524D560040093D16D /* EntryTableViewCell.xib */ = {isa = PBXFileReference; fileEncoding = 4; lastKnownFileType = file.xib; path = EntryTableViewCell.xib; sourceTree = "<group>"; };
		FB36744A2495313A003D2F1E /* tomorrow.app */ = {isa = PBXFileReference; explicitFileType = wrapper.application; includeInIndex = 0; path = tomorrow.app; sourceTree = BUILT_PRODUCTS_DIR; };
		FB36744D2495313A003D2F1E /* AppDelegate.swift */ = {isa = PBXFileReference; lastKnownFileType = sourcecode.swift; path = AppDelegate.swift; sourceTree = "<group>"; };
		FB3674562495313B003D2F1E /* Assets.xcassets */ = {isa = PBXFileReference; lastKnownFileType = folder.assetcatalog; path = Assets.xcassets; sourceTree = "<group>"; };
		FB3674592495313B003D2F1E /* Base */ = {isa = PBXFileReference; lastKnownFileType = file.storyboard; name = Base; path = Base.lproj/LaunchScreen.storyboard; sourceTree = "<group>"; };
		FB36745B2495313C003D2F1E /* Info.plist */ = {isa = PBXFileReference; lastKnownFileType = text.plist.xml; path = Info.plist; sourceTree = "<group>"; };
		FB36746724961B22003D2F1E /* UIViewController+Background.swift */ = {isa = PBXFileReference; lastKnownFileType = sourcecode.swift; path = "UIViewController+Background.swift"; sourceTree = "<group>"; };
		FB3674722497AFF7003D2F1E /* WelcomeViewController.swift */ = {isa = PBXFileReference; lastKnownFileType = sourcecode.swift; path = WelcomeViewController.swift; sourceTree = "<group>"; };
		FB3674742497AFFF003D2F1E /* WelcomeScreen.storyboard */ = {isa = PBXFileReference; lastKnownFileType = file.storyboard; path = WelcomeScreen.storyboard; sourceTree = "<group>"; };
		FB3674762497BE70003D2F1E /* UITextField.swift */ = {isa = PBXFileReference; lastKnownFileType = sourcecode.swift; path = UITextField.swift; sourceTree = "<group>"; };
		FB36747924992446003D2F1E /* HomeViewController.swift */ = {isa = PBXFileReference; lastKnownFileType = sourcecode.swift; path = HomeViewController.swift; sourceTree = "<group>"; };
		FB36747B24992455003D2F1E /* HomeScreen.storyboard */ = {isa = PBXFileReference; lastKnownFileType = file.storyboard; path = HomeScreen.storyboard; sourceTree = "<group>"; };
		FB36747D24992A9A003D2F1E /* tomorrow.entitlements */ = {isa = PBXFileReference; lastKnownFileType = text.plist.entitlements; path = tomorrow.entitlements; sourceTree = "<group>"; };
		FB36747F249A5537003D2F1E /* GoogleService-Info.plist */ = {isa = PBXFileReference; fileEncoding = 4; lastKnownFileType = text.plist.xml; path = "GoogleService-Info.plist"; sourceTree = "<group>"; };
		FB367481249A666A003D2F1E /* KeychainItem.swift */ = {isa = PBXFileReference; lastKnownFileType = sourcecode.swift; path = KeychainItem.swift; sourceTree = "<group>"; };
		FB367483249AA245003D2F1E /* PublicVar.swift */ = {isa = PBXFileReference; lastKnownFileType = sourcecode.swift; path = PublicVar.swift; sourceTree = "<group>"; };
		FB58B552252618830043EB35 /* SKProduct+Localized.swift */ = {isa = PBXFileReference; lastKnownFileType = sourcecode.swift; path = "SKProduct+Localized.swift"; sourceTree = "<group>"; };
		FB5A135E24FAB7A900F9A3C0 /* ProfileScreen.storyboard */ = {isa = PBXFileReference; lastKnownFileType = file.storyboard; path = ProfileScreen.storyboard; sourceTree = "<group>"; };
		FB5A136024FAB7E500F9A3C0 /* ProfileViewController.swift */ = {isa = PBXFileReference; lastKnownFileType = sourcecode.swift; path = ProfileViewController.swift; sourceTree = "<group>"; };
		FB5A136824FD5DDF00F9A3C0 /* SideMenuViewController.swift */ = {isa = PBXFileReference; lastKnownFileType = sourcecode.swift; path = SideMenuViewController.swift; sourceTree = "<group>"; };
		FB5A136A24FE9F2E00F9A3C0 /* StoreKit.framework */ = {isa = PBXFileReference; lastKnownFileType = wrapper.framework; name = StoreKit.framework; path = System/Library/Frameworks/StoreKit.framework; sourceTree = SDKROOT; };
		FB5A136C24FEAD8A00F9A3C0 /* SideMenuScreen.storyboard */ = {isa = PBXFileReference; lastKnownFileType = file.storyboard; path = SideMenuScreen.storyboard; sourceTree = "<group>"; };
		FB5A13782503B20D00F9A3C0 /* AppDelegate+Extension.swift */ = {isa = PBXFileReference; lastKnownFileType = sourcecode.swift; path = "AppDelegate+Extension.swift"; sourceTree = "<group>"; };
		FB68B98F250B95AE00D5C034 /* CustomHeader.swift */ = {isa = PBXFileReference; lastKnownFileType = sourcecode.swift; path = CustomHeader.swift; sourceTree = "<group>"; };
		FB8684B424E0153500C93440 /* EntryModel.xcdatamodel */ = {isa = PBXFileReference; lastKnownFileType = wrapper.xcdatamodel; path = EntryModel.xcdatamodel; sourceTree = "<group>"; };
		FB8684C324E0479700C93440 /* Entry+CoreDataProperties.swift */ = {isa = PBXFileReference; fileEncoding = 4; lastKnownFileType = sourcecode.swift; path = "Entry+CoreDataProperties.swift"; sourceTree = "<group>"; };
		FB8684C424E0479800C93440 /* Entry+CoreDataClass.swift */ = {isa = PBXFileReference; fileEncoding = 4; lastKnownFileType = sourcecode.swift; path = "Entry+CoreDataClass.swift"; sourceTree = "<group>"; };
		FBA5757124A7349000D59A47 /* SettingsScreen.storyboard */ = {isa = PBXFileReference; lastKnownFileType = file.storyboard; path = SettingsScreen.storyboard; sourceTree = "<group>"; };
		FBA5757324A7349E00D59A47 /* SettingsViewController.swift */ = {isa = PBXFileReference; lastKnownFileType = sourcecode.swift; path = SettingsViewController.swift; sourceTree = "<group>"; };
		FBB12A33251F26DF001CD137 /* PremiumViewController.swift */ = {isa = PBXFileReference; lastKnownFileType = sourcecode.swift; path = PremiumViewController.swift; sourceTree = "<group>"; };
		FBB12A36251F26EE001CD137 /* PremiumScreen.storyboard */ = {isa = PBXFileReference; lastKnownFileType = file.storyboard; path = PremiumScreen.storyboard; sourceTree = "<group>"; };
		FBB12A39251F278A001CD137 /* PremiumPageViewController.swift */ = {isa = PBXFileReference; lastKnownFileType = sourcecode.swift; path = PremiumPageViewController.swift; sourceTree = "<group>"; };
		FBB12A3C251F28A0001CD137 /* PremiumPagesScreen.storyboard */ = {isa = PBXFileReference; lastKnownFileType = file.storyboard; path = PremiumPagesScreen.storyboard; sourceTree = "<group>"; };
		FBC9D6D6251E142B009C8A7C /* CloudKit.framework */ = {isa = PBXFileReference; lastKnownFileType = wrapper.framework; name = CloudKit.framework; path = System/Library/Frameworks/CloudKit.framework; sourceTree = SDKROOT; };
		FBD9B24425093A7B004DF87C /* ImmutableEntryTableViewCell.swift */ = {isa = PBXFileReference; lastKnownFileType = sourcecode.swift; path = ImmutableEntryTableViewCell.swift; sourceTree = "<group>"; };
		FBD9B24525093A7B004DF87C /* ImmutableEntryTableViewCell.xib */ = {isa = PBXFileReference; lastKnownFileType = file.xib; path = ImmutableEntryTableViewCell.xib; sourceTree = "<group>"; };
/* End PBXFileReference section */

/* Begin PBXFrameworksBuildPhase section */
		FB3674472495313A003D2F1E /* Frameworks */ = {
			isa = PBXFrameworksBuildPhase;
			buildActionMask = 2147483647;
			files = (
				FBC9D6D7251E142B009C8A7C /* CloudKit.framework in Frameworks */,
				7198C4FDB702EBFF76368306 /* Pods_tomorrow.framework in Frameworks */,
				FB5A136B24FE9F2E00F9A3C0 /* StoreKit.framework in Frameworks */,
			);
			runOnlyForDeploymentPostprocessing = 0;
		};
/* End PBXFrameworksBuildPhase section */

/* Begin PBXGroup section */
		4F43A9A99535D1702FD148DF /* Frameworks */ = {
			isa = PBXGroup;
			children = (
				FBC9D6D6251E142B009C8A7C /* CloudKit.framework */,
				FB5A136A24FE9F2E00F9A3C0 /* StoreKit.framework */,
				270426510742B9BF4E230206 /* Pods_tomorrow.framework */,
			);
			name = Frameworks;
			sourceTree = "<group>";
		};
		DACFF07C69E1D83DBF07E424 /* Pods */ = {
			isa = PBXGroup;
			children = (
				035E02E42098671B790B6929 /* Pods-tomorrow.debug.xcconfig */,
				E6B50E03F8DCD23BB3830237 /* Pods-tomorrow.release.xcconfig */,
			);
			path = Pods;
			sourceTree = "<group>";
		};
		FB13D4ED2534A96C00E8D7DF /* Account */ = {
			isa = PBXGroup;
			children = (
				FB13D4EE2534A98800E8D7DF /* AccountViewController.swift */,
				FB13D4F22534A99200E8D7DF /* AccountScreen.storyboard */,
			);
			path = Account;
			sourceTree = "<group>";
		};
		FB3674412495313A003D2F1E = {
			isa = PBXGroup;
			children = (
				FB36744C2495313A003D2F1E /* tomorrow */,
				FB36744B2495313A003D2F1E /* Products */,
				DACFF07C69E1D83DBF07E424 /* Pods */,
				4F43A9A99535D1702FD148DF /* Frameworks */,
			);
			sourceTree = "<group>";
		};
		FB36744B2495313A003D2F1E /* Products */ = {
			isa = PBXGroup;
			children = (
				FB36744A2495313A003D2F1E /* tomorrow.app */,
			);
			name = Products;
			sourceTree = "<group>";
		};
		FB36744C2495313A003D2F1E /* tomorrow */ = {
			isa = PBXGroup;
			children = (
				FB13D4ED2534A96C00E8D7DF /* Account */,
				FBC9D6D9251F267B009C8A7C /* Premium */,
				FB5A136524FD54CF00F9A3C0 /* SideMenu */,
				FB5A135D24FAB79C00F9A3C0 /* Profile */,
				FB8684B624E036B000C93440 /* Data */,
				FBA5757024A7347800D59A47 /* Settings */,
				FB36747824992438003D2F1E /* Home */,
				FB3674712497AFE9003D2F1E /* Welcome */,
				FB36746924979CC0003D2F1E /* Common */,
				FB36746624961B0B003D2F1E /* Extensions */,
				FB36744D2495313A003D2F1E /* AppDelegate.swift */,
				FB3674562495313B003D2F1E /* Assets.xcassets */,
				FB3674582495313B003D2F1E /* LaunchScreen.storyboard */,
				FB36745B2495313C003D2F1E /* Info.plist */,
				FB36747F249A5537003D2F1E /* GoogleService-Info.plist */,
				FB36747D24992A9A003D2F1E /* tomorrow.entitlements */,
				FB8684B324E0153500C93440 /* EntryModel.xcdatamodeld */,
			);
			path = tomorrow;
			sourceTree = "<group>";
		};
		FB36746624961B0B003D2F1E /* Extensions */ = {
			isa = PBXGroup;
			children = (
				FB36746724961B22003D2F1E /* UIViewController+Background.swift */,
				FB3674762497BE70003D2F1E /* UITextField.swift */,
				FB58B552252618830043EB35 /* SKProduct+Localized.swift */,
				FB13D469252B6EB900E8D7DF /* NSNotification+Name.swift */,
			);
			path = Extensions;
			sourceTree = "<group>";
		};
		FB36746924979CC0003D2F1E /* Common */ = {
			isa = PBXGroup;
			children = (
				FB367481249A666A003D2F1E /* KeychainItem.swift */,
				FB367483249AA245003D2F1E /* PublicVar.swift */,
				FB2C01D424D560030093D16D /* EntryTableViewCell.swift */,
				FB2C01D524D560040093D16D /* EntryTableViewCell.xib */,
				FB5A13782503B20D00F9A3C0 /* AppDelegate+Extension.swift */,
				FBD9B24425093A7B004DF87C /* ImmutableEntryTableViewCell.swift */,
				FBD9B24525093A7B004DF87C /* ImmutableEntryTableViewCell.xib */,
				FB68B98F250B95AE00D5C034 /* CustomHeader.swift */,
			);
			path = Common;
			sourceTree = "<group>";
		};
		FB3674712497AFE9003D2F1E /* Welcome */ = {
			isa = PBXGroup;
			children = (
				FB3674722497AFF7003D2F1E /* WelcomeViewController.swift */,
				FB3674742497AFFF003D2F1E /* WelcomeScreen.storyboard */,
			);
			path = Welcome;
			sourceTree = "<group>";
		};
		FB36747824992438003D2F1E /* Home */ = {
			isa = PBXGroup;
			children = (
				FB36747924992446003D2F1E /* HomeViewController.swift */,
				FB36747B24992455003D2F1E /* HomeScreen.storyboard */,
			);
			path = Home;
			sourceTree = "<group>";
		};
		FB5A135D24FAB79C00F9A3C0 /* Profile */ = {
			isa = PBXGroup;
			children = (
				FB5A135E24FAB7A900F9A3C0 /* ProfileScreen.storyboard */,
				FB5A136024FAB7E500F9A3C0 /* ProfileViewController.swift */,
			);
			path = Profile;
			sourceTree = "<group>";
		};
		FB5A136524FD54CF00F9A3C0 /* SideMenu */ = {
			isa = PBXGroup;
			children = (
				FB5A136824FD5DDF00F9A3C0 /* SideMenuViewController.swift */,
				FB5A136C24FEAD8A00F9A3C0 /* SideMenuScreen.storyboard */,
			);
			path = SideMenu;
			sourceTree = "<group>";
		};
		FB8684B624E036B000C93440 /* Data */ = {
			isa = PBXGroup;
			children = (
				FB8684C424E0479800C93440 /* Entry+CoreDataClass.swift */,
				FB8684C324E0479700C93440 /* Entry+CoreDataProperties.swift */,
			);
			path = Data;
			sourceTree = "<group>";
		};
		FBA5757024A7347800D59A47 /* Settings */ = {
			isa = PBXGroup;
			children = (
				FBA5757124A7349000D59A47 /* SettingsScreen.storyboard */,
				FBA5757324A7349E00D59A47 /* SettingsViewController.swift */,
			);
			path = Settings;
			sourceTree = "<group>";
		};
		FBC9D6D9251F267B009C8A7C /* Premium */ = {
			isa = PBXGroup;
			children = (
				FBB12A33251F26DF001CD137 /* PremiumViewController.swift */,
				FBB12A36251F26EE001CD137 /* PremiumScreen.storyboard */,
				FBB12A39251F278A001CD137 /* PremiumPageViewController.swift */,
				FBB12A3C251F28A0001CD137 /* PremiumPagesScreen.storyboard */,
			);
			path = Premium;
			sourceTree = "<group>";
		};
/* End PBXGroup section */

/* Begin PBXNativeTarget section */
		FB3674492495313A003D2F1E /* tomorrow */ = {
			isa = PBXNativeTarget;
			buildConfigurationList = FB36745E2495313C003D2F1E /* Build configuration list for PBXNativeTarget "tomorrow" */;
			buildPhases = (
				DFEFC4301501FB0D0704869F /* [CP] Check Pods Manifest.lock */,
				FB3674462495313A003D2F1E /* Sources */,
				FB3674472495313A003D2F1E /* Frameworks */,
				FB3674482495313A003D2F1E /* Resources */,
				8AC3BC913C5820EC9B3EC126 /* [CP] Embed Pods Frameworks */,
				7203A1D49BE5E83698D2489E /* [CP] Copy Pods Resources */,
			);
			buildRules = (
			);
			dependencies = (
			);
			name = tomorrow;
			productName = tomorrow;
			productReference = FB36744A2495313A003D2F1E /* tomorrow.app */;
			productType = "com.apple.product-type.application";
		};
/* End PBXNativeTarget section */

/* Begin PBXProject section */
		FB3674422495313A003D2F1E /* Project object */ = {
			isa = PBXProject;
			attributes = {
				LastSwiftUpdateCheck = 1150;
				LastUpgradeCheck = 1150;
				ORGANIZATIONNAME = trillion.unicorn;
				TargetAttributes = {
					FB3674492495313A003D2F1E = {
						CreatedOnToolsVersion = 11.5;
					};
				};
			};
			buildConfigurationList = FB3674452495313A003D2F1E /* Build configuration list for PBXProject "tomorrow" */;
			compatibilityVersion = "Xcode 9.3";
			developmentRegion = en;
			hasScannedForEncodings = 0;
			knownRegions = (
				en,
				Base,
			);
			mainGroup = FB3674412495313A003D2F1E;
			productRefGroup = FB36744B2495313A003D2F1E /* Products */;
			projectDirPath = "";
			projectRoot = "";
			targets = (
				FB3674492495313A003D2F1E /* tomorrow */,
			);
		};
/* End PBXProject section */

/* Begin PBXResourcesBuildPhase section */
		FB3674482495313A003D2F1E /* Resources */ = {
			isa = PBXResourcesBuildPhase;
			buildActionMask = 2147483647;
			files = (
				FB36745A2495313B003D2F1E /* LaunchScreen.storyboard in Resources */,
				FB13D4F32534A99200E8D7DF /* AccountScreen.storyboard in Resources */,
				FB2C01D724D560040093D16D /* EntryTableViewCell.xib in Resources */,
				FBA5757224A7349000D59A47 /* SettingsScreen.storyboard in Resources */,
				FB3674752497AFFF003D2F1E /* WelcomeScreen.storyboard in Resources */,
				FB36747C24992455003D2F1E /* HomeScreen.storyboard in Resources */,
				FB3674572495313B003D2F1E /* Assets.xcassets in Resources */,
				FB5A136D24FEAD8A00F9A3C0 /* SideMenuScreen.storyboard in Resources */,
				FB367480249A5537003D2F1E /* GoogleService-Info.plist in Resources */,
				FB5A135F24FAB7A900F9A3C0 /* ProfileScreen.storyboard in Resources */,
				FBD9B24725093A7B004DF87C /* ImmutableEntryTableViewCell.xib in Resources */,
				FBB12A37251F26EE001CD137 /* PremiumScreen.storyboard in Resources */,
				FBB12A3D251F28A0001CD137 /* PremiumPagesScreen.storyboard in Resources */,
			);
			runOnlyForDeploymentPostprocessing = 0;
		};
/* End PBXResourcesBuildPhase section */

/* Begin PBXShellScriptBuildPhase section */
		7203A1D49BE5E83698D2489E /* [CP] Copy Pods Resources */ = {
			isa = PBXShellScriptBuildPhase;
			buildActionMask = 2147483647;
			files = (
			);
			inputFileListPaths = (
				"${PODS_ROOT}/Target Support Files/Pods-tomorrow/Pods-tomorrow-resources-${CONFIGURATION}-input-files.xcfilelist",
			);
			name = "[CP] Copy Pods Resources";
			outputFileListPaths = (
				"${PODS_ROOT}/Target Support Files/Pods-tomorrow/Pods-tomorrow-resources-${CONFIGURATION}-output-files.xcfilelist",
			);
			runOnlyForDeploymentPostprocessing = 0;
			shellPath = /bin/sh;
			shellScript = "\"${PODS_ROOT}/Target Support Files/Pods-tomorrow/Pods-tomorrow-resources.sh\"\n";
			showEnvVarsInLog = 0;
		};
		8AC3BC913C5820EC9B3EC126 /* [CP] Embed Pods Frameworks */ = {
			isa = PBXShellScriptBuildPhase;
			buildActionMask = 2147483647;
			files = (
			);
			inputFileListPaths = (
				"${PODS_ROOT}/Target Support Files/Pods-tomorrow/Pods-tomorrow-frameworks-${CONFIGURATION}-input-files.xcfilelist",
			);
			name = "[CP] Embed Pods Frameworks";
			outputFileListPaths = (
				"${PODS_ROOT}/Target Support Files/Pods-tomorrow/Pods-tomorrow-frameworks-${CONFIGURATION}-output-files.xcfilelist",
			);
			runOnlyForDeploymentPostprocessing = 0;
			shellPath = /bin/sh;
			shellScript = "\"${PODS_ROOT}/Target Support Files/Pods-tomorrow/Pods-tomorrow-frameworks.sh\"\n";
			showEnvVarsInLog = 0;
		};
		DFEFC4301501FB0D0704869F /* [CP] Check Pods Manifest.lock */ = {
			isa = PBXShellScriptBuildPhase;
			buildActionMask = 2147483647;
			files = (
			);
			inputFileListPaths = (
			);
			inputPaths = (
				"${PODS_PODFILE_DIR_PATH}/Podfile.lock",
				"${PODS_ROOT}/Manifest.lock",
			);
			name = "[CP] Check Pods Manifest.lock";
			outputFileListPaths = (
			);
			outputPaths = (
				"$(DERIVED_FILE_DIR)/Pods-tomorrow-checkManifestLockResult.txt",
			);
			runOnlyForDeploymentPostprocessing = 0;
			shellPath = /bin/sh;
			shellScript = "diff \"${PODS_PODFILE_DIR_PATH}/Podfile.lock\" \"${PODS_ROOT}/Manifest.lock\" > /dev/null\nif [ $? != 0 ] ; then\n    # print error to STDERR\n    echo \"error: The sandbox is not in sync with the Podfile.lock. Run 'pod install' or update your CocoaPods installation.\" >&2\n    exit 1\nfi\n# This output is used by Xcode 'outputs' to avoid re-running this script phase.\necho \"SUCCESS\" > \"${SCRIPT_OUTPUT_FILE_0}\"\n";
			showEnvVarsInLog = 0;
		};
/* End PBXShellScriptBuildPhase section */

/* Begin PBXSourcesBuildPhase section */
		FB3674462495313A003D2F1E /* Sources */ = {
			isa = PBXSourcesBuildPhase;
			buildActionMask = 2147483647;
			files = (
				FB8684B524E0153500C93440 /* EntryModel.xcdatamodeld in Sources */,
				FB13D46A252B6EB900E8D7DF /* NSNotification+Name.swift in Sources */,
				FB3674732497AFF7003D2F1E /* WelcomeViewController.swift in Sources */,
				FB2C01D624D560040093D16D /* EntryTableViewCell.swift in Sources */,
				FB68B990250B95AE00D5C034 /* CustomHeader.swift in Sources */,
				FBB12A3A251F278A001CD137 /* PremiumPageViewController.swift in Sources */,
				FBD9B24625093A7B004DF87C /* ImmutableEntryTableViewCell.swift in Sources */,
				FB367482249A66B2003D2F1E /* KeychainItem.swift in Sources */,
				FBB12A34251F26DF001CD137 /* PremiumViewController.swift in Sources */,
				FB36744E2495313A003D2F1E /* AppDelegate.swift in Sources */,
				FB13D4EF2534A98800E8D7DF /* AccountViewController.swift in Sources */,
				FB5A136124FAB7E500F9A3C0 /* ProfileViewController.swift in Sources */,
				FB3674772497BE70003D2F1E /* UITextField.swift in Sources */,
				FB36746824961B22003D2F1E /* UIViewController+Background.swift in Sources */,
				FB8684C524E0479800C93440 /* Entry+CoreDataProperties.swift in Sources */,
				FB58B553252618830043EB35 /* SKProduct+Localized.swift in Sources */,
				FB5A13792503B20D00F9A3C0 /* AppDelegate+Extension.swift in Sources */,
				FB5A136924FD5DDF00F9A3C0 /* SideMenuViewController.swift in Sources */,
				FB8684C624E0479800C93440 /* Entry+CoreDataClass.swift in Sources */,
				FB36747A24992446003D2F1E /* HomeViewController.swift in Sources */,
				FB367484249AA245003D2F1E /* PublicVar.swift in Sources */,
				FBA5757424A7349E00D59A47 /* SettingsViewController.swift in Sources */,
			);
			runOnlyForDeploymentPostprocessing = 0;
		};
/* End PBXSourcesBuildPhase section */

/* Begin PBXVariantGroup section */
		FB3674582495313B003D2F1E /* LaunchScreen.storyboard */ = {
			isa = PBXVariantGroup;
			children = (
				FB3674592495313B003D2F1E /* Base */,
			);
			name = LaunchScreen.storyboard;
			sourceTree = "<group>";
		};
/* End PBXVariantGroup section */

/* Begin XCBuildConfiguration section */
		FB36745C2495313C003D2F1E /* Debug */ = {
			isa = XCBuildConfiguration;
			buildSettings = {
				ALWAYS_SEARCH_USER_PATHS = NO;
				CLANG_ANALYZER_NONNULL = YES;
				CLANG_ANALYZER_NUMBER_OBJECT_CONVERSION = YES_AGGRESSIVE;
				CLANG_CXX_LANGUAGE_STANDARD = "gnu++14";
				CLANG_CXX_LIBRARY = "libc++";
				CLANG_ENABLE_MODULES = YES;
				CLANG_ENABLE_OBJC_ARC = YES;
				CLANG_ENABLE_OBJC_WEAK = YES;
				CLANG_WARN_BLOCK_CAPTURE_AUTORELEASING = YES;
				CLANG_WARN_BOOL_CONVERSION = YES;
				CLANG_WARN_COMMA = YES;
				CLANG_WARN_CONSTANT_CONVERSION = YES;
				CLANG_WARN_DEPRECATED_OBJC_IMPLEMENTATIONS = YES;
				CLANG_WARN_DIRECT_OBJC_ISA_USAGE = YES_ERROR;
				CLANG_WARN_DOCUMENTATION_COMMENTS = YES;
				CLANG_WARN_EMPTY_BODY = YES;
				CLANG_WARN_ENUM_CONVERSION = YES;
				CLANG_WARN_INFINITE_RECURSION = YES;
				CLANG_WARN_INT_CONVERSION = YES;
				CLANG_WARN_NON_LITERAL_NULL_CONVERSION = YES;
				CLANG_WARN_OBJC_IMPLICIT_RETAIN_SELF = YES;
				CLANG_WARN_OBJC_LITERAL_CONVERSION = YES;
				CLANG_WARN_OBJC_ROOT_CLASS = YES_ERROR;
				CLANG_WARN_RANGE_LOOP_ANALYSIS = YES;
				CLANG_WARN_STRICT_PROTOTYPES = YES;
				CLANG_WARN_SUSPICIOUS_MOVE = YES;
				CLANG_WARN_UNGUARDED_AVAILABILITY = YES_AGGRESSIVE;
				CLANG_WARN_UNREACHABLE_CODE = YES;
				CLANG_WARN__DUPLICATE_METHOD_MATCH = YES;
				COPY_PHASE_STRIP = NO;
				DEBUG_INFORMATION_FORMAT = dwarf;
				ENABLE_STRICT_OBJC_MSGSEND = YES;
				ENABLE_TESTABILITY = YES;
				GCC_C_LANGUAGE_STANDARD = gnu11;
				GCC_DYNAMIC_NO_PIC = NO;
				GCC_NO_COMMON_BLOCKS = YES;
				GCC_OPTIMIZATION_LEVEL = 0;
				GCC_PREPROCESSOR_DEFINITIONS = (
					"DEBUG=1",
					"$(inherited)",
				);
				GCC_WARN_64_TO_32_BIT_CONVERSION = YES;
				GCC_WARN_ABOUT_RETURN_TYPE = YES_ERROR;
				GCC_WARN_UNDECLARED_SELECTOR = YES;
				GCC_WARN_UNINITIALIZED_AUTOS = YES_AGGRESSIVE;
				GCC_WARN_UNUSED_FUNCTION = YES;
				GCC_WARN_UNUSED_VARIABLE = YES;
				IPHONEOS_DEPLOYMENT_TARGET = 13.0;
				MTL_ENABLE_DEBUG_INFO = INCLUDE_SOURCE;
				MTL_FAST_MATH = YES;
				ONLY_ACTIVE_ARCH = YES;
				SDKROOT = iphoneos;
				SWIFT_ACTIVE_COMPILATION_CONDITIONS = DEBUG;
				SWIFT_OPTIMIZATION_LEVEL = "-Onone";
			};
			name = Debug;
		};
		FB36745D2495313C003D2F1E /* Release */ = {
			isa = XCBuildConfiguration;
			buildSettings = {
				ALWAYS_SEARCH_USER_PATHS = NO;
				CLANG_ANALYZER_NONNULL = YES;
				CLANG_ANALYZER_NUMBER_OBJECT_CONVERSION = YES_AGGRESSIVE;
				CLANG_CXX_LANGUAGE_STANDARD = "gnu++14";
				CLANG_CXX_LIBRARY = "libc++";
				CLANG_ENABLE_MODULES = YES;
				CLANG_ENABLE_OBJC_ARC = YES;
				CLANG_ENABLE_OBJC_WEAK = YES;
				CLANG_WARN_BLOCK_CAPTURE_AUTORELEASING = YES;
				CLANG_WARN_BOOL_CONVERSION = YES;
				CLANG_WARN_COMMA = YES;
				CLANG_WARN_CONSTANT_CONVERSION = YES;
				CLANG_WARN_DEPRECATED_OBJC_IMPLEMENTATIONS = YES;
				CLANG_WARN_DIRECT_OBJC_ISA_USAGE = YES_ERROR;
				CLANG_WARN_DOCUMENTATION_COMMENTS = YES;
				CLANG_WARN_EMPTY_BODY = YES;
				CLANG_WARN_ENUM_CONVERSION = YES;
				CLANG_WARN_INFINITE_RECURSION = YES;
				CLANG_WARN_INT_CONVERSION = YES;
				CLANG_WARN_NON_LITERAL_NULL_CONVERSION = YES;
				CLANG_WARN_OBJC_IMPLICIT_RETAIN_SELF = YES;
				CLANG_WARN_OBJC_LITERAL_CONVERSION = YES;
				CLANG_WARN_OBJC_ROOT_CLASS = YES_ERROR;
				CLANG_WARN_RANGE_LOOP_ANALYSIS = YES;
				CLANG_WARN_STRICT_PROTOTYPES = YES;
				CLANG_WARN_SUSPICIOUS_MOVE = YES;
				CLANG_WARN_UNGUARDED_AVAILABILITY = YES_AGGRESSIVE;
				CLANG_WARN_UNREACHABLE_CODE = YES;
				CLANG_WARN__DUPLICATE_METHOD_MATCH = YES;
				COPY_PHASE_STRIP = NO;
				DEBUG_INFORMATION_FORMAT = "dwarf-with-dsym";
				ENABLE_NS_ASSERTIONS = NO;
				ENABLE_STRICT_OBJC_MSGSEND = YES;
				GCC_C_LANGUAGE_STANDARD = gnu11;
				GCC_NO_COMMON_BLOCKS = YES;
				GCC_WARN_64_TO_32_BIT_CONVERSION = YES;
				GCC_WARN_ABOUT_RETURN_TYPE = YES_ERROR;
				GCC_WARN_UNDECLARED_SELECTOR = YES;
				GCC_WARN_UNINITIALIZED_AUTOS = YES_AGGRESSIVE;
				GCC_WARN_UNUSED_FUNCTION = YES;
				GCC_WARN_UNUSED_VARIABLE = YES;
				IPHONEOS_DEPLOYMENT_TARGET = 13.0;
				MTL_ENABLE_DEBUG_INFO = NO;
				MTL_FAST_MATH = YES;
				SDKROOT = iphoneos;
				SWIFT_COMPILATION_MODE = wholemodule;
				SWIFT_OPTIMIZATION_LEVEL = "-O";
				VALIDATE_PRODUCT = YES;
			};
			name = Release;
		};
		FB36745F2495313C003D2F1E /* Debug */ = {
			isa = XCBuildConfiguration;
			baseConfigurationReference = 035E02E42098671B790B6929 /* Pods-tomorrow.debug.xcconfig */;
			buildSettings = {
				ASSETCATALOG_COMPILER_APPICON_NAME = AppIcon;
				CODE_SIGN_ENTITLEMENTS = tomorrow/tomorrow.entitlements;
				CODE_SIGN_STYLE = Automatic;
				DEVELOPMENT_TEAM = M6373TXG4B;
				INFOPLIST_FILE = tomorrow/Info.plist;
				IPHONEOS_DEPLOYMENT_TARGET = 13.0;
				LD_RUNPATH_SEARCH_PATHS = (
					"$(inherited)",
					"@executable_path/Frameworks",
				);
				PRODUCT_BUNDLE_IDENTIFIER = trillion.unicorn.tomorrow;
				PRODUCT_NAME = "$(TARGET_NAME)";
				SWIFT_VERSION = 5.0;
				TARGETED_DEVICE_FAMILY = "1,2";
			};
			name = Debug;
		};
		FB3674602495313C003D2F1E /* Release */ = {
			isa = XCBuildConfiguration;
			baseConfigurationReference = E6B50E03F8DCD23BB3830237 /* Pods-tomorrow.release.xcconfig */;
			buildSettings = {
				ASSETCATALOG_COMPILER_APPICON_NAME = AppIcon;
				CODE_SIGN_ENTITLEMENTS = tomorrow/tomorrow.entitlements;
				CODE_SIGN_STYLE = Automatic;
				DEVELOPMENT_TEAM = M6373TXG4B;
				INFOPLIST_FILE = tomorrow/Info.plist;
				IPHONEOS_DEPLOYMENT_TARGET = 13.0;
				LD_RUNPATH_SEARCH_PATHS = (
					"$(inherited)",
					"@executable_path/Frameworks",
				);
				PRODUCT_BUNDLE_IDENTIFIER = trillion.unicorn.tomorrow;
				PRODUCT_NAME = "$(TARGET_NAME)";
				SWIFT_VERSION = 5.0;
				TARGETED_DEVICE_FAMILY = "1,2";
			};
			name = Release;
		};
/* End XCBuildConfiguration section */

/* Begin XCConfigurationList section */
		FB3674452495313A003D2F1E /* Build configuration list for PBXProject "tomorrow" */ = {
			isa = XCConfigurationList;
			buildConfigurations = (
				FB36745C2495313C003D2F1E /* Debug */,
				FB36745D2495313C003D2F1E /* Release */,
			);
			defaultConfigurationIsVisible = 0;
			defaultConfigurationName = Release;
		};
		FB36745E2495313C003D2F1E /* Build configuration list for PBXNativeTarget "tomorrow" */ = {
			isa = XCConfigurationList;
			buildConfigurations = (
				FB36745F2495313C003D2F1E /* Debug */,
				FB3674602495313C003D2F1E /* Release */,
			);
			defaultConfigurationIsVisible = 0;
			defaultConfigurationName = Release;
		};
/* End XCConfigurationList section */

/* Begin XCVersionGroup section */
		FB8684B324E0153500C93440 /* EntryModel.xcdatamodeld */ = {
			isa = XCVersionGroup;
			children = (
				FB8684B424E0153500C93440 /* EntryModel.xcdatamodel */,
			);
			currentVersion = FB8684B424E0153500C93440 /* EntryModel.xcdatamodel */;
			path = EntryModel.xcdatamodeld;
			sourceTree = "<group>";
			versionGroupType = wrapper.xcdatamodel;
		};
/* End XCVersionGroup section */
	};
	rootObject = FB3674422495313A003D2F1E /* Project object */;
}
